schema: '2.0'
stages:
  data_ingestion:
    cmd: python src/cnnClassifier/pipelines/stage_01_data_ingestion.py
    deps:
    - path: config/config.yaml
      hash: md5
      md5: 21336b861f6624bde09bd7c31109f5b1
      size: 647
    - path: src/cnnClassifier/pipelines/stage_01_data_ingestion.py
      hash: md5
      md5: 44c88812b51b343fe6c8f5e995dd4a2a
      size: 999
    outs:
    - path: artifacts/data_ingestion/Chicken-fecal-images
      hash: md5
      md5: 9e1f8dd2eae3c29e9d635df89d438ae4.dir
      size: 12207807
      nfiles: 390
  prepare_base_model:
    cmd: python src/cnnClassifier/pipelines/stage_02_prepare_base_model.py
    deps:
    - path: config/config.yaml
      hash: md5
      md5: 21336b861f6624bde09bd7c31109f5b1
      size: 647
    - path: src/cnnclassifier/pipelines/stage_02_prepare_base_model.py
      hash: md5
      md5: 734ceced74a3e41d559e1e4e499026af
      size: 1028
    params:
      params.yaml:
        CLASSES: 2
        IMAGE_SIZE:
        - 224
        - 224
        - 3
        INCLUDE_TOP: false
        LEARNING_RATE: 0.01
        WEIGHTS: imagenet
    outs:
    - path: artifacts/prepare_base_model
      hash: md5
      md5: 72c3f6cb1ca9aef81b4d60bf35ee295e.dir
      size: 118053368
      nfiles: 2
  training:
    cmd: python src/cnnClassifier/pipelines/stage_03_model_training.py
    deps:
    - path: artifacts/data_ingestion/Chicken-fecal-images
      hash: md5
      md5: 9e1f8dd2eae3c29e9d635df89d438ae4.dir
      size: 12207807
      nfiles: 390
    - path: artifacts/prepare_base_model
      hash: md5
      md5: 72c3f6cb1ca9aef81b4d60bf35ee295e.dir
      size: 118053368
      nfiles: 2
    - path: config/config.yaml
      hash: md5
      md5: 21336b861f6624bde09bd7c31109f5b1
      size: 647
    - path: src/cnnClassifier/pipelines/stage_03_model_training.py
      hash: md5
      md5: 1601af2471aff2ed5ccec4a7051f9711
      size: 947
    params:
      params.yaml:
        AUGMENTATION: true
        BATCH_SIZE: 16
        EPOCHS: 1
        IMAGE_SIZE:
        - 224
        - 224
        - 3
    outs:
    - path: artifacts/training/trained_model.h5
      hash: md5
      md5: f269af5a8df96fcca3d897fa3abc4331
      size: 59135136
  evaluation:
    cmd: python src/cnnClassifier/pipelines/stage_04_model_evaluation.py
    deps:
    - path: artifacts/data_ingestion/Chicken-fecal-images
      hash: md5
      md5: 9e1f8dd2eae3c29e9d635df89d438ae4.dir
      size: 12207807
      nfiles: 390
    - path: artifacts/training/trained_model.h5
      hash: md5
      md5: f269af5a8df96fcca3d897fa3abc4331
      size: 59135136
    - path: config/config.yaml
      hash: md5
      md5: 21336b861f6624bde09bd7c31109f5b1
      size: 647
    - path: src/cnnClassifier/pipelines/stage_04_model_evaluation.py
      hash: md5
      md5: 161b8fb65006bb942d8e8b6b08f5849a
      size: 930
    params:
      params.yaml:
        BATCH_SIZE: 16
        IMAGE_SIZE:
        - 224
        - 224
        - 3
    outs:
    - path: scores.json
      hash: md5
      md5: 88001c81d47f9b841ff4dee6ff3a39a4
      size: 71
